
Microsoft Visual Studio Solution File, Format Version 12.00
# Visual Studio Version 16
VisualStudioVersion = 16.0.31205.134
MinimumVisualStudioVersion = 10.0.40219.1
Project("{FAE04EC0-301F-11D3-BF4B-00C04F79EFBC}") = "CS_ChatPureClient", "CS_ChatPureClient\CS_ChatPureClient.csproj", "{CC0AC46D-6680-47F4-BE5D-269041AF6771}"
EndProject
Global
	GlobalSection(SolutionConfigurationPlatforms) = preSolution
		Debug|Any CPU = Debug|Any CPU
		Release|Any CPU = Release|Any CPU
	EndGlobalSection
	GlobalSection(ProjectConfigurationPlatforms) = postSolution
		{CC0AC46D-6680-47F4-BE5D-269041AF6771}.Debug|Any CPU.ActiveCfg = Debug|Any CPU
		{CC0AC46D-6680-47F4-BE5D-269041AF6771}.Debug|Any CPU.Build.0 = Debug|Any CPU
		{CC0AC46D-6680-47F4-BE5D-269041AF6771}.Release|Any CPU.ActiveCfg = Release|Any CPU
		{CC0AC46D-6680-47F4-BE5D-269041AF6771}.Release|Any CPU.Build.0 = Release|Any CPU
	EndGlobalSection
	GlobalSection(SolutionProperties) = preSolution
		HideSolutionNode = FALSE
	EndGlobalSection
	GlobalSection(ExtensibilityGlobals) = postSolution
		SolutionGuid = {5245B7CD-A5BF-411B-AF7C-9ADF95CEA8FF}
	EndGlobalSection
EndGlobal
